<?xml version="1.0" encoding="utf-8"?>
<Project ToolsVersion="4.0" xmlns="http://schemas.microsoft.com/developer/msbuild/2003">
  <ItemGroup>
    <Filter Include="Source Files">
      <UniqueIdentifier>{4FC737F1-C7A5-4376-A066-2A32D752A2FF}</UniqueIdentifier>
      <Extensions>cpp;c;cc;cxx;def;odl;idl;hpj;bat;asm;asmx</Extensions>
    </Filter>
    <Filter Include="Header Files">
      <UniqueIdentifier>{93995380-89BD-4b04-88EB-625FBE52EBFB}</UniqueIdentifier>
      <Extensions>h;hh;hpp;hxx;hm;inl;inc;ipp;xsd</Extensions>
    </Filter>
    <Filter Include="Resource Files">
      <UniqueIdentifier>{67DA6AB6-F800-4c08-8B7A-83BB121AAD01}</UniqueIdentifier>
      <Extensions>rc;ico;cur;bmp;dlg;rc2;rct;bin;rgs;gif;jpg;jpeg;jpe;resx;tiff;tif;png;wav;mfcribbon-ms</Extensions>
    </Filter>
  </ItemGroup>
  <ItemGroup>
    <ClInclude Include="Inc\BasicModel.h">
      <Filter>Header Files</Filter>
    </ClInclude>
    <ClInclude Include="Inc\BasicShader.h">
      <Filter>Header Files</Filter>
    </ClInclude>
    <ClInclude Include="Inc\Camera.h">
      <Filter>Header Files</Filter>
    </ClInclude>
    <ClInclude Include="Inc\Common.h">
      <Filter>Header Files</Filter>
    </ClInclude>
    <ClInclude Include="Inc\Direct3D11.h">
      <Filter>Header Files</Filter>
    </ClInclude>
    <ClInclude Include="Inc\Font_class.h">
      <Filter>Header Files</Filter>
    </ClInclude>
    <ClInclude Include="Inc\FontShader.h">
      <Filter>Header Files</Filter>
    </ClInclude>
    <ClInclude Include="Inc\InputHandler.h">
      <Filter>Header Files</Filter>
    </ClInclude>
    <ClInclude Include="Inc\System.h">
      <Filter>Header Files</Filter>
    </ClInclude>
    <ClInclude Include="Inc\Text.h">
      <Filter>Header Files</Filter>
    </ClInclude>
    <ClInclude Include="Inc\TextureLoader.h">
      <Filter>Header Files</Filter>
    </ClInclude>
  </ItemGroup>
  <ItemGroup>
    <ClCompile Include="Scr\BasicModel.cpp">
      <Filter>Source Files</Filter>
    </ClCompile>
    <ClCompile Include="Scr\BasicShader.cpp">
      <Filter>Source Files</Filter>
    </ClCompile>
    <ClCompile Include="Scr\Camera.cpp">
      <Filter>Source Files</Filter>
    </ClCompile>
    <ClCompile Include="Scr\Direct3D11.cpp">
      <Filter>Source Files</Filter>
    </ClCompile>
    <ClCompile Include="Scr\Font_class.cpp">
      <Filter>Source Files</Filter>
    </ClCompile>
    <ClCompile Include="Scr\FontShader.cpp">
      <Filter>Source Files</Filter>
    </ClCompile>
    <ClCompile Include="Scr\InputHandler.cpp">
      <Filter>Source Files</Filter>
    </ClCompile>
    <ClCompile Include="Scr\main.cpp">
      <Filter>Source Files</Filter>
    </ClCompile>
    <ClCompile Include="Scr\System.cpp">
      <Filter>Source Files</Filter>
    </ClCompile>
    <ClCompile Include="Scr\Text.cpp">
      <Filter>Source Files</Filter>
    </ClCompile>
    <ClCompile Include="Scr\TextureLoader.cpp">
      <Filter>Source Files</Filter>
    </ClCompile>
  </ItemGroup>
  <ItemGroup>
    <Image Include="Media\font.dds">
      <Filter>Resource Files</Filter>
    </Image>
    <Image Include="Media\stone.dds">
      <Filter>Resource Files</Filter>
    </Image>
  </ItemGroup>
  <ItemGroup>
    <Text Include="Media\fontdata.txt">
      <Filter>Resource Files</Filter>
    </Text>
  </ItemGroup>
  <ItemGroup>
    <None Include="Media\shaders.shader">
      <Filter>Resource Files</Filter>
    </None>
  </ItemGroup>
</Project>