<?xml version="1.0" encoding="utf-8"?>
<Project ToolsVersion="4.0" xmlns="http://schemas.microsoft.com/developer/msbuild/2003">
  <ItemGroup>
    <Filter Include="Source Files">
      <UniqueIdentifier>{4FC737F1-C7A5-4376-A066-2A32D752A2FF}</UniqueIdentifier>
      <Extensions>cpp;c;cc;cxx;def;odl;idl;hpj;bat;asm;asmx</Extensions>
    </Filter>
    <Filter Include="Header Files">
      <UniqueIdentifier>{93995380-89BD-4b04-88EB-625FBE52EBFB}</UniqueIdentifier>
      <Extensions>h;hh;hpp;hxx;hm;inl;inc;ipp;xsd</Extensions>
    </Filter>
    <Filter Include="Resource Files">
      <UniqueIdentifier>{67DA6AB6-F800-4c08-8B7A-83BB121AAD01}</UniqueIdentifier>
      <Extensions>rc;ico;cur;bmp;dlg;rc2;rct;bin;rgs;gif;jpg;jpeg;jpe;resx;tiff;tif;png;wav;mfcribbon-ms</Extensions>
    </Filter>
    <Filter Include="Header Files\Text">
      <UniqueIdentifier>{2760b606-79cb-4bf3-9c96-10ed06befd1e}</UniqueIdentifier>
    </Filter>
    <Filter Include="Source Files\Text">
      <UniqueIdentifier>{f8cf9c03-f4c7-44c6-a35f-3d4babf208ca}</UniqueIdentifier>
    </Filter>
    <Filter Include="Header Files\junk">
      <UniqueIdentifier>{574aa7f0-6632-4e00-8039-a157cf781a70}</UniqueIdentifier>
    </Filter>
    <Filter Include="Source Files\junk">
      <UniqueIdentifier>{62230011-9764-4750-85fa-2610f5782682}</UniqueIdentifier>
    </Filter>
    <Filter Include="Source Files\TEST">
      <UniqueIdentifier>{2d64a12e-724d-49e2-bef4-8fe2f7de6d80}</UniqueIdentifier>
    </Filter>
    <Filter Include="Header Files\TEST">
      <UniqueIdentifier>{60398154-1a63-42d7-8a37-9142f23523d7}</UniqueIdentifier>
    </Filter>
  </ItemGroup>
  <ItemGroup>
    <ClInclude Include="Inc\Common.h">
      <Filter>Header Files</Filter>
    </ClInclude>
    <ClInclude Include="Inc\System.h">
      <Filter>Header Files</Filter>
    </ClInclude>
    <ClInclude Include="Inc\InputHandler.h">
      <Filter>Header Files</Filter>
    </ClInclude>
    <ClInclude Include="Inc\Camera.h">
      <Filter>Header Files</Filter>
    </ClInclude>
    <ClInclude Include="Inc\Direct3D11.h">
      <Filter>Header Files</Filter>
    </ClInclude>
    <ClInclude Include="Inc\Timer.h">
      <Filter>Header Files</Filter>
    </ClInclude>
    <ClInclude Include="Inc\MyText.h">
      <Filter>Header Files</Filter>
    </ClInclude>
    <ClInclude Include="Inc\Font_class.h">
      <Filter>Header Files\Text</Filter>
    </ClInclude>
    <ClInclude Include="Inc\FontShader.h">
      <Filter>Header Files\Text</Filter>
    </ClInclude>
    <ClInclude Include="Inc\Text.h">
      <Filter>Header Files\Text</Filter>
    </ClInclude>
    <ClInclude Include="Inc\BasicModel.h">
      <Filter>Header Files\junk</Filter>
    </ClInclude>
    <ClInclude Include="Inc\BasicShader.h">
      <Filter>Header Files\junk</Filter>
    </ClInclude>
    <ClInclude Include="Inc\OBJ-Loader.h">
      <Filter>Header Files\junk</Filter>
    </ClInclude>
    <ClInclude Include="Inc\TextureLoader.h">
      <Filter>Header Files\junk</Filter>
    </ClInclude>
  </ItemGroup>
  <ItemGroup>
    <ClCompile Include="Scr\System.cpp">
      <Filter>Source Files</Filter>
    </ClCompile>
    <ClCompile Include="Scr\Camera.cpp">
      <Filter>Source Files</Filter>
    </ClCompile>
    <ClCompile Include="Scr\Direct3D11.cpp">
      <Filter>Source Files</Filter>
    </ClCompile>
    <ClCompile Include="Scr\InputHandler.cpp">
      <Filter>Source Files</Filter>
    </ClCompile>
    <ClCompile Include="Scr\main.cpp">
      <Filter>Source Files</Filter>
    </ClCompile>
    <ClCompile Include="Scr\Timer.cpp">
      <Filter>Source Files</Filter>
    </ClCompile>
    <ClCompile Include="Scr\MyText.cpp">
      <Filter>Source Files</Filter>
    </ClCompile>
    <ClCompile Include="Scr\Font_class.cpp">
      <Filter>Source Files\Text</Filter>
    </ClCompile>
    <ClCompile Include="Scr\FontShader.cpp">
      <Filter>Source Files\Text</Filter>
    </ClCompile>
    <ClCompile Include="Scr\Text.cpp">
      <Filter>Source Files\Text</Filter>
    </ClCompile>
    <ClCompile Include="Scr\BasicModel.cpp">
      <Filter>Source Files\junk</Filter>
    </ClCompile>
    <ClCompile Include="Scr\BasicShader.cpp">
      <Filter>Source Files\junk</Filter>
    </ClCompile>
    <ClCompile Include="Scr\OBJ-Loader.cpp">
      <Filter>Source Files\junk</Filter>
    </ClCompile>
    <ClCompile Include="Scr\TextureLoader.cpp">
      <Filter>Source Files\junk</Filter>
    </ClCompile>
  </ItemGroup>
</Project>